
Microsoft Visual Studio Solution File, Format Version 12.00
# Visual Studio Version 16
VisualStudioVersion = 16.0.30114.105
MinimumVisualStudioVersion = 10.0.40219.1
Project("{9A19103F-16F7-4668-BE54-9A1E7A4F7556}") = "Algorithm.Binary_Search", "Algorithm.Binary_Search\Algorithm.Binary_Search.csproj", "{17FBC834-7172-463F-A2D8-D84F95D65815}"
EndProject
Project("{9A19103F-16F7-4668-BE54-9A1E7A4F7556}") = "Algorithm.Selection_Sort", "Algorithm.SelectionSort\Algorithm.Selection_Sort.csproj", "{9ABEF735-FFCF-41EA-885C-739B98FD6F1E}"
EndProject
Project("{9A19103F-16F7-4668-BE54-9A1E7A4F7556}") = "Algorithm.Recursion_", "Recursion_\Algorithm.Recursion_.csproj", "{5B5E93F0-C954-42CC-A92D-4D60BE8ACE44}"
EndProject
Project("{9A19103F-16F7-4668-BE54-9A1E7A4F7556}") = "Algorithm.Quick_Sort", "Quick_Sort\Algorithm.Quick_Sort.csproj", "{F7FA8E35-D94A-4D54-9019-3B429141192E}"
EndProject
Project("{9A19103F-16F7-4668-BE54-9A1E7A4F7556}") = "Algorithm.BreadthFirst_Search", "Algorithm.BreadthFirst_Search\Algorithm.BreadthFirst_Search.csproj", "{328D6EEE-DE6C-408F-9D44-EAAEB54B1B84}"
EndProject
Project("{9A19103F-16F7-4668-BE54-9A1E7A4F7556}") = "Algorithm.Dijkstras_Algorithm", "Algorithm.Dijkstras_Algorithm\Algorithm.Dijkstras_Algorithm.csproj", "{D657D7D8-5E42-4FA4-8B79-7E135F98DD76}"
EndProject
Project("{FAE04EC0-301F-11D3-BF4B-00C04F79EFBC}") = "Algorithm.Greedy_Algorithms", "Algorithm.Greedy_Algorithms\Algorithm.Greedy_Algorithms.csproj", "{315E5B9C-C07A-4333-BFE2-43C5D66242C6}"
EndProject
Global
	GlobalSection(SolutionConfigurationPlatforms) = preSolution
		Debug|Any CPU = Debug|Any CPU
		Release|Any CPU = Release|Any CPU
	EndGlobalSection
	GlobalSection(ProjectConfigurationPlatforms) = postSolution
		{17FBC834-7172-463F-A2D8-D84F95D65815}.Debug|Any CPU.ActiveCfg = Debug|Any CPU
		{17FBC834-7172-463F-A2D8-D84F95D65815}.Debug|Any CPU.Build.0 = Debug|Any CPU
		{17FBC834-7172-463F-A2D8-D84F95D65815}.Release|Any CPU.ActiveCfg = Release|Any CPU
		{17FBC834-7172-463F-A2D8-D84F95D65815}.Release|Any CPU.Build.0 = Release|Any CPU
		{9ABEF735-FFCF-41EA-885C-739B98FD6F1E}.Debug|Any CPU.ActiveCfg = Debug|Any CPU
		{9ABEF735-FFCF-41EA-885C-739B98FD6F1E}.Debug|Any CPU.Build.0 = Debug|Any CPU
		{9ABEF735-FFCF-41EA-885C-739B98FD6F1E}.Release|Any CPU.ActiveCfg = Release|Any CPU
		{9ABEF735-FFCF-41EA-885C-739B98FD6F1E}.Release|Any CPU.Build.0 = Release|Any CPU
		{5B5E93F0-C954-42CC-A92D-4D60BE8ACE44}.Debug|Any CPU.ActiveCfg = Debug|Any CPU
		{5B5E93F0-C954-42CC-A92D-4D60BE8ACE44}.Debug|Any CPU.Build.0 = Debug|Any CPU
		{5B5E93F0-C954-42CC-A92D-4D60BE8ACE44}.Release|Any CPU.ActiveCfg = Release|Any CPU
		{5B5E93F0-C954-42CC-A92D-4D60BE8ACE44}.Release|Any CPU.Build.0 = Release|Any CPU
		{F7FA8E35-D94A-4D54-9019-3B429141192E}.Debug|Any CPU.ActiveCfg = Debug|Any CPU
		{F7FA8E35-D94A-4D54-9019-3B429141192E}.Debug|Any CPU.Build.0 = Debug|Any CPU
		{F7FA8E35-D94A-4D54-9019-3B429141192E}.Release|Any CPU.ActiveCfg = Release|Any CPU
		{F7FA8E35-D94A-4D54-9019-3B429141192E}.Release|Any CPU.Build.0 = Release|Any CPU
		{328D6EEE-DE6C-408F-9D44-EAAEB54B1B84}.Debug|Any CPU.ActiveCfg = Debug|Any CPU
		{328D6EEE-DE6C-408F-9D44-EAAEB54B1B84}.Debug|Any CPU.Build.0 = Debug|Any CPU
		{328D6EEE-DE6C-408F-9D44-EAAEB54B1B84}.Release|Any CPU.ActiveCfg = Release|Any CPU
		{328D6EEE-DE6C-408F-9D44-EAAEB54B1B84}.Release|Any CPU.Build.0 = Release|Any CPU
		{D657D7D8-5E42-4FA4-8B79-7E135F98DD76}.Debug|Any CPU.ActiveCfg = Debug|Any CPU
		{D657D7D8-5E42-4FA4-8B79-7E135F98DD76}.Debug|Any CPU.Build.0 = Debug|Any CPU
		{D657D7D8-5E42-4FA4-8B79-7E135F98DD76}.Release|Any CPU.ActiveCfg = Release|Any CPU
		{D657D7D8-5E42-4FA4-8B79-7E135F98DD76}.Release|Any CPU.Build.0 = Release|Any CPU
		{315E5B9C-C07A-4333-BFE2-43C5D66242C6}.Debug|Any CPU.ActiveCfg = Debug|Any CPU
		{315E5B9C-C07A-4333-BFE2-43C5D66242C6}.Debug|Any CPU.Build.0 = Debug|Any CPU
		{315E5B9C-C07A-4333-BFE2-43C5D66242C6}.Release|Any CPU.ActiveCfg = Release|Any CPU
		{315E5B9C-C07A-4333-BFE2-43C5D66242C6}.Release|Any CPU.Build.0 = Release|Any CPU
	EndGlobalSection
	GlobalSection(SolutionProperties) = preSolution
		HideSolutionNode = FALSE
	EndGlobalSection
	GlobalSection(ExtensibilityGlobals) = postSolution
		SolutionGuid = {940B7A50-203B-4608-8453-A4EB8ED870A1}
	EndGlobalSection
EndGlobal
